
Microsoft Visual Studio Solution File, Format Version 12.00
# Visual Studio 15
Project("{FAE04EC0-301F-11D3-BF4B-00C04F79EFBC}") = "Assembly-CSharp", "Assembly-CSharp.csproj", "{6E0F06E7-75DB-7C0E-6F55-00D99D4BCB5A}"
EndProject
Global
	GlobalSection(SolutionConfigurationPlatforms) = preSolution
		Debug|Any CPU = Debug|Any CPU
		Release|Any CPU = Release|Any CPU
	EndGlobalSection
	GlobalSection(ProjectConfigurationPlatforms) = postSolution
		{6E0F06E7-75DB-7C0E-6F55-00D99D4BCB5A}.Debug|Any CPU.ActiveCfg = Debug|Any CPU
		{6E0F06E7-75DB-7C0E-6F55-00D99D4BCB5A}.Debug|Any CPU.Build.0 = Debug|Any CPU
		{6E0F06E7-75DB-7C0E-6F55-00D99D4BCB5A}.Release|Any CPU.ActiveCfg = Release|Any CPU
		{6E0F06E7-75DB-7C0E-6F55-00D99D4BCB5A}.Release|Any CPU.Build.0 = Release|Any CPU
	EndGlobalSection
	GlobalSection(SolutionProperties) = preSolution
		HideSolutionNode = FALSE
	EndGlobalSection
EndGlobal
